// !$*UTF8*$!
{
	archiveVersion = 1;
	classes = {
	};
	objectVersion = 50;
	objects = {

/* Begin PBXBuildFile section */
		91190423214F56CA006117AD /* Video.swift in Sources */ = {isa = PBXBuildFile; fileRef = 91190422214F56CA006117AD /* Video.swift */; };
		916E27372148B201000E42C1 /* AppDelegate.swift in Sources */ = {isa = PBXBuildFile; fileRef = 916E27362148B201000E42C1 /* AppDelegate.swift */; };
		916E27392148B201000E42C1 /* HomeController.swift in Sources */ = {isa = PBXBuildFile; fileRef = 916E27382148B201000E42C1 /* HomeController.swift */; };
		916E273C2148B201000E42C1 /* Main.storyboard in Resources */ = {isa = PBXBuildFile; fileRef = 916E273A2148B201000E42C1 /* Main.storyboard */; };
		916E273E2148B203000E42C1 /* Assets.xcassets in Resources */ = {isa = PBXBuildFile; fileRef = 916E273D2148B203000E42C1 /* Assets.xcassets */; };
		916E27412148B203000E42C1 /* LaunchScreen.storyboard in Resources */ = {isa = PBXBuildFile; fileRef = 916E273F2148B203000E42C1 /* LaunchScreen.storyboard */; };
		916E274C2148B204000E42C1 /* youtube_practiceTests.swift in Sources */ = {isa = PBXBuildFile; fileRef = 916E274B2148B204000E42C1 /* youtube_practiceTests.swift */; };
		916E27572148B204000E42C1 /* youtube_practiceUITests.swift in Sources */ = {isa = PBXBuildFile; fileRef = 916E27562148B204000E42C1 /* youtube_practiceUITests.swift */; };
		916E2766214A0FA1000E42C1 /* Extensions.swift in Sources */ = {isa = PBXBuildFile; fileRef = 916E2765214A0FA1000E42C1 /* Extensions.swift */; };
		916E2769214A119A000E42C1 /* VideoCell.swift in Sources */ = {isa = PBXBuildFile; fileRef = 916E2768214A119A000E42C1 /* VideoCell.swift */; };
		916E276E214B61B3000E42C1 /* MenuBar.swift in Sources */ = {isa = PBXBuildFile; fileRef = 916E276D214B61B3000E42C1 /* MenuBar.swift */; };
		91A7823221DF15590030F70D /* ApiService.swift in Sources */ = {isa = PBXBuildFile; fileRef = 91A7823121DF15590030F70D /* ApiService.swift */; };
		91FBE0D22156FBAE00377062 /* SettingsLauncher.swift in Sources */ = {isa = PBXBuildFile; fileRef = 91FBE0D12156FBAE00377062 /* SettingsLauncher.swift */; };
		91FBE0D421570E9600377062 /* SettingCell.swift in Sources */ = {isa = PBXBuildFile; fileRef = 91FBE0D321570E9600377062 /* SettingCell.swift */; };
/* End PBXBuildFile section */

/* Begin PBXContainerItemProxy section */
		916E27482148B204000E42C1 /* PBXContainerItemProxy */ = {
			isa = PBXContainerItemProxy;
			containerPortal = 916E272B2148B201000E42C1 /* Project object */;
			proxyType = 1;
			remoteGlobalIDString = 916E27322148B201000E42C1;
			remoteInfo = youtube_practice;
		};
		916E27532148B204000E42C1 /* PBXContainerItemProxy */ = {
			isa = PBXContainerItemProxy;
			containerPortal = 916E272B2148B201000E42C1 /* Project object */;
			proxyType = 1;
			remoteGlobalIDString = 916E27322148B201000E42C1;
			remoteInfo = youtube_practice;
		};
/* End PBXContainerItemProxy section */

/* Begin PBXFileReference section */
		91190422214F56CA006117AD /* Video.swift */ = {isa = PBXFileReference; lastKnownFileType = sourcecode.swift; path = Video.swift; sourceTree = "<group>"; };
		916E27332148B201000E42C1 /* youtube_practice.app */ = {isa = PBXFileReference; explicitFileType = wrapper.application; includeInIndex = 0; path = youtube_practice.app; sourceTree = BUILT_PRODUCTS_DIR; };
		916E27362148B201000E42C1 /* AppDelegate.swift */ = {isa = PBXFileReference; lastKnownFileType = sourcecode.swift; path = AppDelegate.swift; sourceTree = "<group>"; };
		916E27382148B201000E42C1 /* HomeController.swift */ = {isa = PBXFileReference; lastKnownFileType = sourcecode.swift; path = HomeController.swift; sourceTree = "<group>"; };
		916E273B2148B201000E42C1 /* Base */ = {isa = PBXFileReference; lastKnownFileType = file.storyboard; name = Base; path = Base.lproj/Main.storyboard; sourceTree = "<group>"; };
		916E273D2148B203000E42C1 /* Assets.xcassets */ = {isa = PBXFileReference; lastKnownFileType = folder.assetcatalog; path = Assets.xcassets; sourceTree = "<group>"; };
		916E27402148B203000E42C1 /* Base */ = {isa = PBXFileReference; lastKnownFileType = file.storyboard; name = Base; path = Base.lproj/LaunchScreen.storyboard; sourceTree = "<group>"; };
		916E27422148B203000E42C1 /* Info.plist */ = {isa = PBXFileReference; lastKnownFileType = text.plist.xml; path = Info.plist; sourceTree = "<group>"; };
		916E27472148B204000E42C1 /* youtube_practiceTests.xctest */ = {isa = PBXFileReference; explicitFileType = wrapper.cfbundle; includeInIndex = 0; path = youtube_practiceTests.xctest; sourceTree = BUILT_PRODUCTS_DIR; };
		916E274B2148B204000E42C1 /* youtube_practiceTests.swift */ = {isa = PBXFileReference; lastKnownFileType = sourcecode.swift; path = youtube_practiceTests.swift; sourceTree = "<group>"; };
		916E274D2148B204000E42C1 /* Info.plist */ = {isa = PBXFileReference; lastKnownFileType = text.plist.xml; path = Info.plist; sourceTree = "<group>"; };
		916E27522148B204000E42C1 /* youtube_practiceUITests.xctest */ = {isa = PBXFileReference; explicitFileType = wrapper.cfbundle; includeInIndex = 0; path = youtube_practiceUITests.xctest; sourceTree = BUILT_PRODUCTS_DIR; };
		916E27562148B204000E42C1 /* youtube_practiceUITests.swift */ = {isa = PBXFileReference; lastKnownFileType = sourcecode.swift; path = youtube_practiceUITests.swift; sourceTree = "<group>"; };
		916E27582148B204000E42C1 /* Info.plist */ = {isa = PBXFileReference; lastKnownFileType = text.plist.xml; path = Info.plist; sourceTree = "<group>"; };
		916E2765214A0FA1000E42C1 /* Extensions.swift */ = {isa = PBXFileReference; lastKnownFileType = sourcecode.swift; path = Extensions.swift; sourceTree = "<group>"; };
		916E2768214A119A000E42C1 /* VideoCell.swift */ = {isa = PBXFileReference; lastKnownFileType = sourcecode.swift; path = VideoCell.swift; sourceTree = "<group>"; };
		916E276D214B61B3000E42C1 /* MenuBar.swift */ = {isa = PBXFileReference; lastKnownFileType = sourcecode.swift; path = MenuBar.swift; sourceTree = "<group>"; };
		91A7823121DF15590030F70D /* ApiService.swift */ = {isa = PBXFileReference; lastKnownFileType = sourcecode.swift; path = ApiService.swift; sourceTree = "<group>"; };
		91FBE0D12156FBAE00377062 /* SettingsLauncher.swift */ = {isa = PBXFileReference; lastKnownFileType = sourcecode.swift; path = SettingsLauncher.swift; sourceTree = "<group>"; };
		91FBE0D321570E9600377062 /* SettingCell.swift */ = {isa = PBXFileReference; lastKnownFileType = sourcecode.swift; path = SettingCell.swift; sourceTree = "<group>"; };
/* End PBXFileReference section */

/* Begin PBXFrameworksBuildPhase section */
		916E27302148B201000E42C1 /* Frameworks */ = {
			isa = PBXFrameworksBuildPhase;
			buildActionMask = 2147483647;
			files = (
			);
			runOnlyForDeploymentPostprocessing = 0;
		};
		916E27442148B204000E42C1 /* Frameworks */ = {
			isa = PBXFrameworksBuildPhase;
			buildActionMask = 2147483647;
			files = (
			);
			runOnlyForDeploymentPostprocessing = 0;
		};
		916E274F2148B204000E42C1 /* Frameworks */ = {
			isa = PBXFrameworksBuildPhase;
			buildActionMask = 2147483647;
			files = (
			);
			runOnlyForDeploymentPostprocessing = 0;
		};
/* End PBXFrameworksBuildPhase section */

/* Begin PBXGroup section */
		91190421214F56C0006117AD /* Model */ = {
			isa = PBXGroup;
			children = (
				91190422214F56CA006117AD /* Video.swift */,
			);
			path = Model;
			sourceTree = "<group>";
		};
		916E272A2148B201000E42C1 = {
			isa = PBXGroup;
			children = (
				916E27352148B201000E42C1 /* youtube_practice */,
				916E274A2148B204000E42C1 /* youtube_practiceTests */,
				916E27552148B204000E42C1 /* youtube_practiceUITests */,
				916E27342148B201000E42C1 /* Products */,
			);
			sourceTree = "<group>";
		};
		916E27342148B201000E42C1 /* Products */ = {
			isa = PBXGroup;
			children = (
				916E27332148B201000E42C1 /* youtube_practice.app */,
				916E27472148B204000E42C1 /* youtube_practiceTests.xctest */,
				916E27522148B204000E42C1 /* youtube_practiceUITests.xctest */,
			);
			name = Products;
			sourceTree = "<group>";
		};
		916E27352148B201000E42C1 /* youtube_practice */ = {
			isa = PBXGroup;
			children = (
				91A7823021DF153A0030F70D /* APIService */,
				91190421214F56C0006117AD /* Model */,
				916E2767214A1166000E42C1 /* View */,
				916E276A214A11D1000E42C1 /* Controller */,
				916E2764214A0F86000E42C1 /* Helper */,
				916E27362148B201000E42C1 /* AppDelegate.swift */,
				916E273A2148B201000E42C1 /* Main.storyboard */,
				916E273D2148B203000E42C1 /* Assets.xcassets */,
				916E273F2148B203000E42C1 /* LaunchScreen.storyboard */,
				916E27422148B203000E42C1 /* Info.plist */,
			);
			path = youtube_practice;
			sourceTree = "<group>";
		};
		916E274A2148B204000E42C1 /* youtube_practiceTests */ = {
			isa = PBXGroup;
			children = (
				916E274B2148B204000E42C1 /* youtube_practiceTests.swift */,
				916E274D2148B204000E42C1 /* Info.plist */,
			);
			path = youtube_practiceTests;
			sourceTree = "<group>";
		};
		916E27552148B204000E42C1 /* youtube_practiceUITests */ = {
			isa = PBXGroup;
			children = (
				916E27562148B204000E42C1 /* youtube_practiceUITests.swift */,
				916E27582148B204000E42C1 /* Info.plist */,
			);
			path = youtube_practiceUITests;
			sourceTree = "<group>";
		};
		916E2764214A0F86000E42C1 /* Helper */ = {
			isa = PBXGroup;
			children = (
				916E2765214A0FA1000E42C1 /* Extensions.swift */,
			);
			path = Helper;
			sourceTree = "<group>";
		};
		916E2767214A1166000E42C1 /* View */ = {
			isa = PBXGroup;
			children = (
				916E2768214A119A000E42C1 /* VideoCell.swift */,
				916E276D214B61B3000E42C1 /* MenuBar.swift */,
				91FBE0D321570E9600377062 /* SettingCell.swift */,
			);
			path = View;
			sourceTree = "<group>";
		};
		916E276A214A11D1000E42C1 /* Controller */ = {
			isa = PBXGroup;
			children = (
				916E27382148B201000E42C1 /* HomeController.swift */,
				91FBE0D12156FBAE00377062 /* SettingsLauncher.swift */,
			);
			path = Controller;
			sourceTree = "<group>";
		};
		91A7823021DF153A0030F70D /* APIService */ = {
			isa = PBXGroup;
			children = (
				91A7823121DF15590030F70D /* ApiService.swift */,
			);
			path = APIService;
			sourceTree = "<group>";
		};
/* End PBXGroup section */

/* Begin PBXNativeTarget section */
		916E27322148B201000E42C1 /* youtube_practice */ = {
			isa = PBXNativeTarget;
			buildConfigurationList = 916E275B2148B204000E42C1 /* Build configuration list for PBXNativeTarget "youtube_practice" */;
			buildPhases = (
				916E272F2148B201000E42C1 /* Sources */,
				916E27302148B201000E42C1 /* Frameworks */,
				916E27312148B201000E42C1 /* Resources */,
			);
			buildRules = (
			);
			dependencies = (
			);
			name = youtube_practice;
			productName = youtube_practice;
			productReference = 916E27332148B201000E42C1 /* youtube_practice.app */;
			productType = "com.apple.product-type.application";
		};
		916E27462148B204000E42C1 /* youtube_practiceTests */ = {
			isa = PBXNativeTarget;
			buildConfigurationList = 916E275E2148B204000E42C1 /* Build configuration list for PBXNativeTarget "youtube_practiceTests" */;
			buildPhases = (
				916E27432148B204000E42C1 /* Sources */,
				916E27442148B204000E42C1 /* Frameworks */,
				916E27452148B204000E42C1 /* Resources */,
			);
			buildRules = (
			);
			dependencies = (
				916E27492148B204000E42C1 /* PBXTargetDependency */,
			);
			name = youtube_practiceTests;
			productName = youtube_practiceTests;
			productReference = 916E27472148B204000E42C1 /* youtube_practiceTests.xctest */;
			productType = "com.apple.product-type.bundle.unit-test";
		};
		916E27512148B204000E42C1 /* youtube_practiceUITests */ = {
			isa = PBXNativeTarget;
			buildConfigurationList = 916E27612148B204000E42C1 /* Build configuration list for PBXNativeTarget "youtube_practiceUITests" */;
			buildPhases = (
				916E274E2148B204000E42C1 /* Sources */,
				916E274F2148B204000E42C1 /* Frameworks */,
				916E27502148B204000E42C1 /* Resources */,
			);
			buildRules = (
			);
			dependencies = (
				916E27542148B204000E42C1 /* PBXTargetDependency */,
			);
			name = youtube_practiceUITests;
			productName = youtube_practiceUITests;
			productReference = 916E27522148B204000E42C1 /* youtube_practiceUITests.xctest */;
			productType = "com.apple.product-type.bundle.ui-testing";
		};
/* End PBXNativeTarget section */

/* Begin PBXProject section */
		916E272B2148B201000E42C1 /* Project object */ = {
			isa = PBXProject;
			attributes = {
				LastSwiftUpdateCheck = 0940;
				LastUpgradeCheck = 0940;
				ORGANIZATIONNAME = "Michael Ninh";
				TargetAttributes = {
					916E27322148B201000E42C1 = {
						CreatedOnToolsVersion = 9.4.1;
					};
					916E27462148B204000E42C1 = {
						CreatedOnToolsVersion = 9.4.1;
						TestTargetID = 916E27322148B201000E42C1;
					};
					916E27512148B204000E42C1 = {
						CreatedOnToolsVersion = 9.4.1;
						TestTargetID = 916E27322148B201000E42C1;
					};
				};
			};
			buildConfigurationList = 916E272E2148B201000E42C1 /* Build configuration list for PBXProject "youtube_practice" */;
			compatibilityVersion = "Xcode 9.3";
			developmentRegion = en;
			hasScannedForEncodings = 0;
			knownRegions = (
				en,
				Base,
			);
			mainGroup = 916E272A2148B201000E42C1;
			productRefGroup = 916E27342148B201000E42C1 /* Products */;
			projectDirPath = "";
			projectRoot = "";
			targets = (
				916E27322148B201000E42C1 /* youtube_practice */,
				916E27462148B204000E42C1 /* youtube_practiceTests */,
				916E27512148B204000E42C1 /* youtube_practiceUITests */,
			);
		};
/* End PBXProject section */

/* Begin PBXResourcesBuildPhase section */
		916E27312148B201000E42C1 /* Resources */ = {
			isa = PBXResourcesBuildPhase;
			buildActionMask = 2147483647;
			files = (
				916E27412148B203000E42C1 /* LaunchScreen.storyboard in Resources */,
				916E273E2148B203000E42C1 /* Assets.xcassets in Resources */,
				916E273C2148B201000E42C1 /* Main.storyboard in Resources */,
			);
			runOnlyForDeploymentPostprocessing = 0;
		};
		916E27452148B204000E42C1 /* Resources */ = {
			isa = PBXResourcesBuildPhase;
			buildActionMask = 2147483647;
			files = (
			);
			runOnlyForDeploymentPostprocessing = 0;
		};
		916E27502148B204000E42C1 /* Resources */ = {
			isa = PBXResourcesBuildPhase;
			buildActionMask = 2147483647;
			files = (
			);
			runOnlyForDeploymentPostprocessing = 0;
		};
/* End PBXResourcesBuildPhase section */

/* Begin PBXSourcesBuildPhase section */
		916E272F2148B201000E42C1 /* Sources */ = {
			isa = PBXSourcesBuildPhase;
			buildActionMask = 2147483647;
			files = (
				916E2769214A119A000E42C1 /* VideoCell.swift in Sources */,
				91190423214F56CA006117AD /* Video.swift in Sources */,
				91FBE0D421570E9600377062 /* SettingCell.swift in Sources */,
				916E27392148B201000E42C1 /* HomeController.swift in Sources */,
				91FBE0D22156FBAE00377062 /* SettingsLauncher.swift in Sources */,
				91A7823221DF15590030F70D /* ApiService.swift in Sources */,
				916E2766214A0FA1000E42C1 /* Extensions.swift in Sources */,
				916E27372148B201000E42C1 /* AppDelegate.swift in Sources */,
				916E276E214B61B3000E42C1 /* MenuBar.swift in Sources */,
			);
			runOnlyForDeploymentPostprocessing = 0;
		};
		916E27432148B204000E42C1 /* Sources */ = {
			isa = PBXSourcesBuildPhase;
			buildActionMask = 2147483647;
			files = (
				916E274C2148B204000E42C1 /* youtube_practiceTests.swift in Sources */,
			);
			runOnlyForDeploymentPostprocessing = 0;
		};
		916E274E2148B204000E42C1 /* Sources */ = {
			isa = PBXSourcesBuildPhase;
			buildActionMask = 2147483647;
			files = (
				916E27572148B204000E42C1 /* youtube_practiceUITests.swift in Sources */,
			);
			runOnlyForDeploymentPostprocessing = 0;
		};
/* End PBXSourcesBuildPhase section */

/* Begin PBXTargetDependency section */
		916E27492148B204000E42C1 /* PBXTargetDependency */ = {
			isa = PBXTargetDependency;
			target = 916E27322148B201000E42C1 /* youtube_practice */;
			targetProxy = 916E27482148B204000E42C1 /* PBXContainerItemProxy */;
		};
		916E27542148B204000E42C1 /* PBXTargetDependency */ = {
			isa = PBXTargetDependency;
			target = 916E27322148B201000E42C1 /* youtube_practice */;
			targetProxy = 916E27532148B204000E42C1 /* PBXContainerItemProxy */;
		};
/* End PBXTargetDependency section */

/* Begin PBXVariantGroup section */
		916E273A2148B201000E42C1 /* Main.storyboard */ = {
			isa = PBXVariantGroup;
			children = (
				916E273B2148B201000E42C1 /* Base */,
			);
			name = Main.storyboard;
			sourceTree = "<group>";
		};
		916E273F2148B203000E42C1 /* LaunchScreen.storyboard */ = {
			isa = PBXVariantGroup;
			children = (
				916E27402148B203000E42C1 /* Base */,
			);
			name = LaunchScreen.storyboard;
			sourceTree = "<group>";
		};
/* End PBXVariantGroup section */

/* Begin XCBuildConfiguration section */
		916E27592148B204000E42C1 /* Debug */ = {
			isa = XCBuildConfiguration;
			buildSettings = {
				ALWAYS_SEARCH_USER_PATHS = NO;
				CLANG_ANALYZER_NONNULL = YES;
				CLANG_ANALYZER_NUMBER_OBJECT_CONVERSION = YES_AGGRESSIVE;
				CLANG_CXX_LANGUAGE_STANDARD = "gnu++14";
				CLANG_CXX_LIBRARY = "libc++";
				CLANG_ENABLE_MODULES = YES;
				CLANG_ENABLE_OBJC_ARC = YES;
				CLANG_ENABLE_OBJC_WEAK = YES;
				CLANG_WARN_BLOCK_CAPTURE_AUTORELEASING = YES;
				CLANG_WARN_BOOL_CONVERSION = YES;
				CLANG_WARN_COMMA = YES;
				CLANG_WARN_CONSTANT_CONVERSION = YES;
				CLANG_WARN_DEPRECATED_OBJC_IMPLEMENTATIONS = YES;
				CLANG_WARN_DIRECT_OBJC_ISA_USAGE = YES_ERROR;
				CLANG_WARN_DOCUMENTATION_COMMENTS = YES;
				CLANG_WARN_EMPTY_BODY = YES;
				CLANG_WARN_ENUM_CONVERSION = YES;
				CLANG_WARN_INFINITE_RECURSION = YES;
				CLANG_WARN_INT_CONVERSION = YES;
				CLANG_WARN_NON_LITERAL_NULL_CONVERSION = YES;
				CLANG_WARN_OBJC_IMPLICIT_RETAIN_SELF = YES;
				CLANG_WARN_OBJC_LITERAL_CONVERSION = YES;
				CLANG_WARN_OBJC_ROOT_CLASS = YES_ERROR;
				CLANG_WARN_RANGE_LOOP_ANALYSIS = YES;
				CLANG_WARN_STRICT_PROTOTYPES = YES;
				CLANG_WARN_SUSPICIOUS_MOVE = YES;
				CLANG_WARN_UNGUARDED_AVAILABILITY = YES_AGGRESSIVE;
				CLANG_WARN_UNREACHABLE_CODE = YES;
				CLANG_WARN__DUPLICATE_METHOD_MATCH = YES;
				CODE_SIGN_IDENTITY = "iPhone Developer";
				COPY_PHASE_STRIP = NO;
				DEBUG_INFORMATION_FORMAT = dwarf;
				ENABLE_STRICT_OBJC_MSGSEND = YES;
				ENABLE_TESTABILITY = YES;
				GCC_C_LANGUAGE_STANDARD = gnu11;
				GCC_DYNAMIC_NO_PIC = NO;
				GCC_NO_COMMON_BLOCKS = YES;
				GCC_OPTIMIZATION_LEVEL = 0;
				GCC_PREPROCESSOR_DEFINITIONS = (
					"DEBUG=1",
					"$(inherited)",
				);
				GCC_WARN_64_TO_32_BIT_CONVERSION = YES;
				GCC_WARN_ABOUT_RETURN_TYPE = YES_ERROR;
				GCC_WARN_UNDECLARED_SELECTOR = YES;
				GCC_WARN_UNINITIALIZED_AUTOS = YES_AGGRESSIVE;
				GCC_WARN_UNUSED_FUNCTION = YES;
				GCC_WARN_UNUSED_VARIABLE = YES;
				IPHONEOS_DEPLOYMENT_TARGET = 11.4;
				MTL_ENABLE_DEBUG_INFO = YES;
				ONLY_ACTIVE_ARCH = YES;
				SDKROOT = iphoneos;
				SWIFT_ACTIVE_COMPILATION_CONDITIONS = DEBUG;
				SWIFT_OPTIMIZATION_LEVEL = "-Onone";
			};
			name = Debug;
		};
		916E275A2148B204000E42C1 /* Release */ = {
			isa = XCBuildConfiguration;
			buildSettings = {
				ALWAYS_SEARCH_USER_PATHS = NO;
				CLANG_ANALYZER_NONNULL = YES;
				CLANG_ANALYZER_NUMBER_OBJECT_CONVERSION = YES_AGGRESSIVE;
				CLANG_CXX_LANGUAGE_STANDARD = "gnu++14";
				CLANG_CXX_LIBRARY = "libc++";
				CLANG_ENABLE_MODULES = YES;
				CLANG_ENABLE_OBJC_ARC = YES;
				CLANG_ENABLE_OBJC_WEAK = YES;
				CLANG_WARN_BLOCK_CAPTURE_AUTORELEASING = YES;
				CLANG_WARN_BOOL_CONVERSION = YES;
				CLANG_WARN_COMMA = YES;
				CLANG_WARN_CONSTANT_CONVERSION = YES;
				CLANG_WARN_DEPRECATED_OBJC_IMPLEMENTATIONS = YES;
				CLANG_WARN_DIRECT_OBJC_ISA_USAGE = YES_ERROR;
				CLANG_WARN_DOCUMENTATION_COMMENTS = YES;
				CLANG_WARN_EMPTY_BODY = YES;
				CLANG_WARN_ENUM_CONVERSION = YES;
				CLANG_WARN_INFINITE_RECURSION = YES;
				CLANG_WARN_INT_CONVERSION = YES;
				CLANG_WARN_NON_LITERAL_NULL_CONVERSION = YES;
				CLANG_WARN_OBJC_IMPLICIT_RETAIN_SELF = YES;
				CLANG_WARN_OBJC_LITERAL_CONVERSION = YES;
				CLANG_WARN_OBJC_ROOT_CLASS = YES_ERROR;
				CLANG_WARN_RANGE_LOOP_ANALYSIS = YES;
				CLANG_WARN_STRICT_PROTOTYPES = YES;
				CLANG_WARN_SUSPICIOUS_MOVE = YES;
				CLANG_WARN_UNGUARDED_AVAILABILITY = YES_AGGRESSIVE;
				CLANG_WARN_UNREACHABLE_CODE = YES;
				CLANG_WARN__DUPLICATE_METHOD_MATCH = YES;
				CODE_SIGN_IDENTITY = "iPhone Developer";
				COPY_PHASE_STRIP = NO;
				DEBUG_INFORMATION_FORMAT = "dwarf-with-dsym";
				ENABLE_NS_ASSERTIONS = NO;
				ENABLE_STRICT_OBJC_MSGSEND = YES;
				GCC_C_LANGUAGE_STANDARD = gnu11;
				GCC_NO_COMMON_BLOCKS = YES;
				GCC_WARN_64_TO_32_BIT_CONVERSION = YES;
				GCC_WARN_ABOUT_RETURN_TYPE = YES_ERROR;
				GCC_WARN_UNDECLARED_SELECTOR = YES;
				GCC_WARN_UNINITIALIZED_AUTOS = YES_AGGRESSIVE;
				GCC_WARN_UNUSED_FUNCTION = YES;
				GCC_WARN_UNUSED_VARIABLE = YES;
				IPHONEOS_DEPLOYMENT_TARGET = 11.4;
				MTL_ENABLE_DEBUG_INFO = NO;
				SDKROOT = iphoneos;
				SWIFT_COMPILATION_MODE = wholemodule;
				SWIFT_OPTIMIZATION_LEVEL = "-O";
				VALIDATE_PRODUCT = YES;
			};
			name = Release;
		};
		916E275C2148B204000E42C1 /* Debug */ = {
			isa = XCBuildConfiguration;
			buildSettings = {
				ASSETCATALOG_COMPILER_APPICON_NAME = AppIcon;
				CODE_SIGN_STYLE = Automatic;
				INFOPLIST_FILE = youtube_practice/Info.plist;
				LD_RUNPATH_SEARCH_PATHS = (
					"$(inherited)",
					"@executable_path/Frameworks",
				);
				PRODUCT_BUNDLE_IDENTIFIER = "massdrop.youtube-practice";
				PRODUCT_NAME = "$(TARGET_NAME)";
				SWIFT_VERSION = 4.0;
				TARGETED_DEVICE_FAMILY = "1,2";
			};
			name = Debug;
		};
		916E275D2148B204000E42C1 /* Release */ = {
			isa = XCBuildConfiguration;
			buildSettings = {
				ASSETCATALOG_COMPILER_APPICON_NAME = AppIcon;
				CODE_SIGN_STYLE = Automatic;
				INFOPLIST_FILE = youtube_practice/Info.plist;
				LD_RUNPATH_SEARCH_PATHS = (
					"$(inherited)",
					"@executable_path/Frameworks",
				);
				PRODUCT_BUNDLE_IDENTIFIER = "massdrop.youtube-practice";
				PRODUCT_NAME = "$(TARGET_NAME)";
				SWIFT_VERSION = 4.0;
				TARGETED_DEVICE_FAMILY = "1,2";
			};
			name = Release;
		};
		916E275F2148B204000E42C1 /* Debug */ = {
			isa = XCBuildConfiguration;
			buildSettings = {
				ALWAYS_EMBED_SWIFT_STANDARD_LIBRARIES = YES;
				BUNDLE_LOADER = "$(TEST_HOST)";
				CODE_SIGN_STYLE = Automatic;
				INFOPLIST_FILE = youtube_practiceTests/Info.plist;
				LD_RUNPATH_SEARCH_PATHS = (
					"$(inherited)",
					"@executable_path/Frameworks",
					"@loader_path/Frameworks",
				);
				PRODUCT_BUNDLE_IDENTIFIER = "massdrop.youtube-practiceTests";
				PRODUCT_NAME = "$(TARGET_NAME)";
				SWIFT_VERSION = 4.0;
				TARGETED_DEVICE_FAMILY = "1,2";
				TEST_HOST = "$(BUILT_PRODUCTS_DIR)/youtube_practice.app/youtube_practice";
			};
			name = Debug;
		};
		916E27602148B204000E42C1 /* Release */ = {
			isa = XCBuildConfiguration;
			buildSettings = {
				ALWAYS_EMBED_SWIFT_STANDARD_LIBRARIES = YES;
				BUNDLE_LOADER = "$(TEST_HOST)";
				CODE_SIGN_STYLE = Automatic;
				INFOPLIST_FILE = youtube_practiceTests/Info.plist;
				LD_RUNPATH_SEARCH_PATHS = (
					"$(inherited)",
					"@executable_path/Frameworks",
					"@loader_path/Frameworks",
				);
				PRODUCT_BUNDLE_IDENTIFIER = "massdrop.youtube-practiceTests";
				PRODUCT_NAME = "$(TARGET_NAME)";
				SWIFT_VERSION = 4.0;
				TARGETED_DEVICE_FAMILY = "1,2";
				TEST_HOST = "$(BUILT_PRODUCTS_DIR)/youtube_practice.app/youtube_practice";
			};
			name = Release;
		};
		916E27622148B204000E42C1 /* Debug */ = {
			isa = XCBuildConfiguration;
			buildSettings = {
				ALWAYS_EMBED_SWIFT_STANDARD_LIBRARIES = YES;
				CODE_SIGN_STYLE = Automatic;
				INFOPLIST_FILE = youtube_practiceUITests/Info.plist;
				LD_RUNPATH_SEARCH_PATHS = (
					"$(inherited)",
					"@executable_path/Frameworks",
					"@loader_path/Frameworks",
				);
				PRODUCT_BUNDLE_IDENTIFIER = "massdrop.youtube-practiceUITests";
				PRODUCT_NAME = "$(TARGET_NAME)";
				SWIFT_VERSION = 4.0;
				TARGETED_DEVICE_FAMILY = "1,2";
				TEST_TARGET_NAME = youtube_practice;
			};
			name = Debug;
		};
		916E27632148B204000E42C1 /* Release */ = {
			isa = XCBuildConfiguration;
			buildSettings = {
				ALWAYS_EMBED_SWIFT_STANDARD_LIBRARIES = YES;
				CODE_SIGN_STYLE = Automatic;
				INFOPLIST_FILE = youtube_practiceUITests/Info.plist;
				LD_RUNPATH_SEARCH_PATHS = (
					"$(inherited)",
					"@executable_path/Frameworks",
					"@loader_path/Frameworks",
				);
				PRODUCT_BUNDLE_IDENTIFIER = "massdrop.youtube-practiceUITests";
				PRODUCT_NAME = "$(TARGET_NAME)";
				SWIFT_VERSION = 4.0;
				TARGETED_DEVICE_FAMILY = "1,2";
				TEST_TARGET_NAME = youtube_practice;
			};
			name = Release;
		};
/* End XCBuildConfiguration section */

/* Begin XCConfigurationList section */
		916E272E2148B201000E42C1 /* Build configuration list for PBXProject "youtube_practice" */ = {
			isa = XCConfigurationList;
			buildConfigurations = (
				916E27592148B204000E42C1 /* Debug */,
				916E275A2148B204000E42C1 /* Release */,
			);
			defaultConfigurationIsVisible = 0;
			defaultConfigurationName = Release;
		};
		916E275B2148B204000E42C1 /* Build configuration list for PBXNativeTarget "youtube_practice" */ = {
			isa = XCConfigurationList;
			buildConfigurations = (
				916E275C2148B204000E42C1 /* Debug */,
				916E275D2148B204000E42C1 /* Release */,
			);
			defaultConfigurationIsVisible = 0;
			defaultConfigurationName = Release;
		};
		916E275E2148B204000E42C1 /* Build configuration list for PBXNativeTarget "youtube_practiceTests" */ = {
			isa = XCConfigurationList;
			buildConfigurations = (
				916E275F2148B204000E42C1 /* Debug */,
				916E27602148B204000E42C1 /* Release */,
			);
			defaultConfigurationIsVisible = 0;
			defaultConfigurationName = Release;
		};
		916E27612148B204000E42C1 /* Build configuration list for PBXNativeTarget "youtube_practiceUITests" */ = {
			isa = XCConfigurationList;
			buildConfigurations = (
				916E27622148B204000E42C1 /* Debug */,
				916E27632148B204000E42C1 /* Release */,
			);
			defaultConfigurationIsVisible = 0;
			defaultConfigurationName = Release;
		};
/* End XCConfigurationList section */
	};
	rootObject = 916E272B2148B201000E42C1 /* Project object */;
}
